
Microsoft Visual Studio Solution File, Format Version 12.00
# Visual Studio Version 16
VisualStudioVersion = 16.0.30320.27
MinimumVisualStudioVersion = 10.0.40219.1
Project("{FAE04EC0-301F-11D3-BF4B-00C04F79EFBC}") = "OneTouchSleepTimeChange", "OneTouchSleepTimeChange\OneTouchSleepTimeChange.csproj", "{F1E91A21-3213-488B-A0B2-8B5EC04A8EC1}"
EndProject
Global
	GlobalSection(SolutionConfigurationPlatforms) = preSolution
		Debug|Any CPU = Debug|Any CPU
		Release|Any CPU = Release|Any CPU
	EndGlobalSection
	GlobalSection(ProjectConfigurationPlatforms) = postSolution
		{F1E91A21-3213-488B-A0B2-8B5EC04A8EC1}.Debug|Any CPU.ActiveCfg = Debug|Any CPU
		{F1E91A21-3213-488B-A0B2-8B5EC04A8EC1}.Debug|Any CPU.Build.0 = Debug|Any CPU
		{F1E91A21-3213-488B-A0B2-8B5EC04A8EC1}.Release|Any CPU.ActiveCfg = Release|Any CPU
		{F1E91A21-3213-488B-A0B2-8B5EC04A8EC1}.Release|Any CPU.Build.0 = Release|Any CPU
	EndGlobalSection
	GlobalSection(SolutionProperties) = preSolution
		HideSolutionNode = FALSE
	EndGlobalSection
	GlobalSection(ExtensibilityGlobals) = postSolution
		SolutionGuid = {817F6DD0-7BF9-436B-B8D3-0BF79BBD1FB7}
	EndGlobalSection
EndGlobal
